
Microsoft Visual Studio Solution File, Format Version 12.00
# Visual Studio Version 16
VisualStudioVersion = 16.0.29123.88
MinimumVisualStudioVersion = 10.0.40219.1
Project("{FAE04EC0-301F-11D3-BF4B-00C04F79EFBC}") = "Lab1rm", "Lab1rm\Lab1rm.csproj", "{B5CFB8FC-C129-4607-ACE9-650B08BB7A29}"
EndProject
Global
	GlobalSection(SolutionConfigurationPlatforms) = preSolution
		Debug|Any CPU = Debug|Any CPU
		Release|Any CPU = Release|Any CPU
	EndGlobalSection
	GlobalSection(ProjectConfigurationPlatforms) = postSolution
		{B5CFB8FC-C129-4607-ACE9-650B08BB7A29}.Debug|Any CPU.ActiveCfg = Debug|Any CPU
		{B5CFB8FC-C129-4607-ACE9-650B08BB7A29}.Debug|Any CPU.Build.0 = Debug|Any CPU
		{B5CFB8FC-C129-4607-ACE9-650B08BB7A29}.Release|Any CPU.ActiveCfg = Release|Any CPU
		{B5CFB8FC-C129-4607-ACE9-650B08BB7A29}.Release|Any CPU.Build.0 = Release|Any CPU
	EndGlobalSection
	GlobalSection(SolutionProperties) = preSolution
		HideSolutionNode = FALSE
	EndGlobalSection
	GlobalSection(ExtensibilityGlobals) = postSolution
		SolutionGuid = {4BA7291E-402E-4026-AF9D-A7464DEF0494}
	EndGlobalSection
EndGlobal
